// !$*UTF8*$!
{
	archiveVersion = 1;
	classes = {
	};
	objectVersion = 46;
	objects = {

/* Begin PBXBuildFile section */
		4A77AD8F1E26813200B9ABF4 /* main.m in Sources */ = {isa = PBXBuildFile; fileRef = 4A77AD8E1E26813200B9ABF4 /* main.m */; };
		4A77AD9D1E26893E00B9ABF4 /* M4AFile.m in Sources */ = {isa = PBXBuildFile; fileRef = 4A77AD9C1E26893E00B9ABF4 /* M4AFile.m */; };
		4A77ADA11E26BC7900B9ABF4 /* M4AFileMetadata.m in Sources */ = {isa = PBXBuildFile; fileRef = 4A77ADA01E26BC7900B9ABF4 /* M4AFileMetadata.m */; };
/* End PBXBuildFile section */

/* Begin PBXCopyFilesBuildPhase section */
		4A77AD891E26813200B9ABF4 /* CopyFiles */ = {
			isa = PBXCopyFilesBuildPhase;
			buildActionMask = 2147483647;
			dstPath = /usr/share/man/man1/;
			dstSubfolderSpec = 0;
			files = (
			);
			runOnlyForDeploymentPostprocessing = 1;
		};
/* End PBXCopyFilesBuildPhase section */

/* Begin PBXFileReference section */
		4A77AD8B1E26813200B9ABF4 /* m4aclock */ = {isa = PBXFileReference; explicitFileType = "compiled.mach-o.executable"; includeInIndex = 0; path = m4aclock; sourceTree = BUILT_PRODUCTS_DIR; };
		4A77AD8E1E26813200B9ABF4 /* main.m */ = {isa = PBXFileReference; lastKnownFileType = sourcecode.c.objc; path = main.m; sourceTree = "<group>"; };
		4A77AD9B1E26893E00B9ABF4 /* M4AFile.h */ = {isa = PBXFileReference; fileEncoding = 4; lastKnownFileType = sourcecode.c.h; path = M4AFile.h; sourceTree = "<group>"; };
		4A77AD9C1E26893E00B9ABF4 /* M4AFile.m */ = {isa = PBXFileReference; fileEncoding = 4; lastKnownFileType = sourcecode.c.objc; lineEnding = 0; path = M4AFile.m; sourceTree = "<group>"; xcLanguageSpecificationIdentifier = xcode.lang.objc; };
		4A77AD9F1E26BC7900B9ABF4 /* M4AFileMetadata.h */ = {isa = PBXFileReference; fileEncoding = 4; lastKnownFileType = sourcecode.c.h; path = M4AFileMetadata.h; sourceTree = "<group>"; };
		4A77ADA01E26BC7900B9ABF4 /* M4AFileMetadata.m */ = {isa = PBXFileReference; fileEncoding = 4; lastKnownFileType = sourcecode.c.objc; path = M4AFileMetadata.m; sourceTree = "<group>"; };
/* End PBXFileReference section */

/* Begin PBXFrameworksBuildPhase section */
		4A77AD881E26813200B9ABF4 /* Frameworks */ = {
			isa = PBXFrameworksBuildPhase;
			buildActionMask = 2147483647;
			files = (
			);
			runOnlyForDeploymentPostprocessing = 0;
		};
/* End PBXFrameworksBuildPhase section */

/* Begin PBXGroup section */
		4A77AD821E26813200B9ABF4 = {
			isa = PBXGroup;
			children = (
				4A77AD8D1E26813200B9ABF4 /* m4aclock */,
				4A77AD8C1E26813200B9ABF4 /* Products */,
			);
			sourceTree = "<group>";
		};
		4A77AD8C1E26813200B9ABF4 /* Products */ = {
			isa = PBXGroup;
			children = (
				4A77AD8B1E26813200B9ABF4 /* m4aclock */,
			);
			name = Products;
			sourceTree = "<group>";
		};
		4A77AD8D1E26813200B9ABF4 /* m4aclock */ = {
			isa = PBXGroup;
			children = (
				4A77AD8E1E26813200B9ABF4 /* main.m */,
				4A77ADA21E26BC8300B9ABF4 /* m4a lib */,
			);
			path = m4aclock;
			sourceTree = "<group>";
		};
		4A77ADA21E26BC8300B9ABF4 /* m4a lib */ = {
			isa = PBXGroup;
			children = (
				4A77AD9B1E26893E00B9ABF4 /* M4AFile.h */,
				4A77AD9C1E26893E00B9ABF4 /* M4AFile.m */,
				4A77AD9F1E26BC7900B9ABF4 /* M4AFileMetadata.h */,
				4A77ADA01E26BC7900B9ABF4 /* M4AFileMetadata.m */,
			);
			name = "m4a lib";
			sourceTree = "<group>";
		};
/* End PBXGroup section */

/* Begin PBXNativeTarget section */
		4A77AD8A1E26813200B9ABF4 /* m4aclock */ = {
			isa = PBXNativeTarget;
			buildConfigurationList = 4A77AD921E26813200B9ABF4 /* Build configuration list for PBXNativeTarget "m4aclock" */;
			buildPhases = (
				4A77AD871E26813200B9ABF4 /* Sources */,
				4A77AD881E26813200B9ABF4 /* Frameworks */,
				4A77AD891E26813200B9ABF4 /* CopyFiles */,
			);
			buildRules = (
			);
			dependencies = (
			);
			name = m4aclock;
			productName = m4aclock;
			productReference = 4A77AD8B1E26813200B9ABF4 /* m4aclock */;
			productType = "com.apple.product-type.tool";
		};
/* End PBXNativeTarget section */

/* Begin PBXProject section */
		4A77AD831E26813200B9ABF4 /* Project object */ = {
			isa = PBXProject;
			attributes = {
				LastUpgradeCheck = 0820;
				ORGANIZATIONNAME = "Harry Jones";
				TargetAttributes = {
					4A77AD8A1E26813200B9ABF4 = {
						CreatedOnToolsVersion = 8.2.1;
						ProvisioningStyle = Automatic;
					};
				};
			};
			buildConfigurationList = 4A77AD861E26813200B9ABF4 /* Build configuration list for PBXProject "m4aclock" */;
			compatibilityVersion = "Xcode 3.2";
			developmentRegion = English;
			hasScannedForEncodings = 0;
			knownRegions = (
				en,
			);
			mainGroup = 4A77AD821E26813200B9ABF4;
			productRefGroup = 4A77AD8C1E26813200B9ABF4 /* Products */;
			projectDirPath = "";
			projectRoot = "";
			targets = (
				4A77AD8A1E26813200B9ABF4 /* m4aclock */,
			);
		};
/* End PBXProject section */

/* Begin PBXSourcesBuildPhase section */
		4A77AD871E26813200B9ABF4 /* Sources */ = {
			isa = PBXSourcesBuildPhase;
			buildActionMask = 2147483647;
			files = (
				4A77AD8F1E26813200B9ABF4 /* main.m in Sources */,
				4A77AD9D1E26893E00B9ABF4 /* M4AFile.m in Sources */,
				4A77ADA11E26BC7900B9ABF4 /* M4AFileMetadata.m in Sources */,
			);
			runOnlyForDeploymentPostprocessing = 0;
		};
/* End PBXSourcesBuildPhase section */

/* Begin XCBuildConfiguration section */
		4A77AD901E26813200B9ABF4 /* Debug */ = {
			isa = XCBuildConfiguration;
			buildSettings = {
				ALWAYS_SEARCH_USER_PATHS = NO;
				CLANG_ANALYZER_NONNULL = YES;
				CLANG_CXX_LANGUAGE_STANDARD = "gnu++0x";
				CLANG_CXX_LIBRARY = "libc++";
				CLANG_ENABLE_MODULES = YES;
				CLANG_ENABLE_OBJC_ARC = YES;
				CLANG_WARN_BOOL_CONVERSION = YES;
				CLANG_WARN_CONSTANT_CONVERSION = YES;
				CLANG_WARN_DIRECT_OBJC_ISA_USAGE = YES_ERROR;
				CLANG_WARN_DOCUMENTATION_COMMENTS = YES;
				CLANG_WARN_EMPTY_BODY = YES;
				CLANG_WARN_ENUM_CONVERSION = YES;
				CLANG_WARN_INFINITE_RECURSION = YES;
				CLANG_WARN_INT_CONVERSION = YES;
				CLANG_WARN_OBJC_ROOT_CLASS = YES_ERROR;
				CLANG_WARN_SUSPICIOUS_MOVE = YES;
				CLANG_WARN_UNREACHABLE_CODE = YES;
				CLANG_WARN__DUPLICATE_METHOD_MATCH = YES;
				CODE_SIGN_IDENTITY = "-";
				COPY_PHASE_STRIP = NO;
				DEBUG_INFORMATION_FORMAT = dwarf;
				ENABLE_STRICT_OBJC_MSGSEND = YES;
				ENABLE_TESTABILITY = YES;
				GCC_C_LANGUAGE_STANDARD = gnu99;
				GCC_DYNAMIC_NO_PIC = NO;
				GCC_NO_COMMON_BLOCKS = YES;
				GCC_OPTIMIZATION_LEVEL = 0;
				GCC_PREPROCESSOR_DEFINITIONS = (
					"DEBUG=1",
					"$(inherited)",
				);
				GCC_WARN_64_TO_32_BIT_CONVERSION = YES;
				GCC_WARN_ABOUT_RETURN_TYPE = YES_ERROR;
				GCC_WARN_UNDECLARED_SELECTOR = YES;
				GCC_WARN_UNINITIALIZED_AUTOS = YES_AGGRESSIVE;
				GCC_WARN_UNUSED_FUNCTION = YES;
				GCC_WARN_UNUSED_VARIABLE = YES;
				MACOSX_DEPLOYMENT_TARGET = 10.12;
				MTL_ENABLE_DEBUG_INFO = YES;
				ONLY_ACTIVE_ARCH = YES;
				SDKROOT = macosx;
			};
			name = Debug;
		};
		4A77AD911E26813200B9ABF4 /* Release */ = {
			isa = XCBuildConfiguration;
			buildSettings = {
				ALWAYS_SEARCH_USER_PATHS = NO;
				CLANG_ANALYZER_NONNULL = YES;
				CLANG_CXX_LANGUAGE_STANDARD = "gnu++0x";
				CLANG_CXX_LIBRARY = "libc++";
				CLANG_ENABLE_MODULES = YES;
				CLANG_ENABLE_OBJC_ARC = YES;
				CLANG_WARN_BOOL_CONVERSION = YES;
				CLANG_WARN_CONSTANT_CONVERSION = YES;
				CLANG_WARN_DIRECT_OBJC_ISA_USAGE = YES_ERROR;
				CLANG_WARN_DOCUMENTATION_COMMENTS = YES;
				CLANG_WARN_EMPTY_BODY = YES;
				CLANG_WARN_ENUM_CONVERSION = YES;
				CLANG_WARN_INFINITE_RECURSION = YES;
				CLANG_WARN_INT_CONVERSION = YES;
				CLANG_WARN_OBJC_ROOT_CLASS = YES_ERROR;
				CLANG_WARN_SUSPICIOUS_MOVE = YES;
				CLANG_WARN_UNREACHABLE_CODE = YES;
				CLANG_WARN__DUPLICATE_METHOD_MATCH = YES;
				CODE_SIGN_IDENTITY = "-";
				COPY_PHASE_STRIP = NO;
				DEBUG_INFORMATION_FORMAT = "dwarf-with-dsym";
				ENABLE_NS_ASSERTIONS = NO;
				ENABLE_STRICT_OBJC_MSGSEND = YES;
				GCC_C_LANGUAGE_STANDARD = gnu99;
				GCC_NO_COMMON_BLOCKS = YES;
				GCC_WARN_64_TO_32_BIT_CONVERSION = YES;
				GCC_WARN_ABOUT_RETURN_TYPE = YES_ERROR;
				GCC_WARN_UNDECLARED_SELECTOR = YES;
				GCC_WARN_UNINITIALIZED_AUTOS = YES_AGGRESSIVE;
				GCC_WARN_UNUSED_FUNCTION = YES;
				GCC_WARN_UNUSED_VARIABLE = YES;
				MACOSX_DEPLOYMENT_TARGET = 10.12;
				MTL_ENABLE_DEBUG_INFO = NO;
				SDKROOT = macosx;
			};
			name = Release;
		};
		4A77AD931E26813200B9ABF4 /* Debug */ = {
			isa = XCBuildConfiguration;
			buildSettings = {
				PRODUCT_NAME = "$(TARGET_NAME)";
			};
			name = Debug;
		};
		4A77AD941E26813200B9ABF4 /* Release */ = {
			isa = XCBuildConfiguration;
			buildSettings = {
				PRODUCT_NAME = "$(TARGET_NAME)";
			};
			name = Release;
		};
/* End XCBuildConfiguration section */

/* Begin XCConfigurationList section */
		4A77AD861E26813200B9ABF4 /* Build configuration list for PBXProject "m4aclock" */ = {
			isa = XCConfigurationList;
			buildConfigurations = (
				4A77AD901E26813200B9ABF4 /* Debug */,
				4A77AD911E26813200B9ABF4 /* Release */,
			);
			defaultConfigurationIsVisible = 0;
			defaultConfigurationName = Release;
		};
		4A77AD921E26813200B9ABF4 /* Build configuration list for PBXNativeTarget "m4aclock" */ = {
			isa = XCConfigurationList;
			buildConfigurations = (
				4A77AD931E26813200B9ABF4 /* Debug */,
				4A77AD941E26813200B9ABF4 /* Release */,
			);
			defaultConfigurationIsVisible = 0;
			defaultConfigurationName = Release;
		};
/* End XCConfigurationList section */
	};
	rootObject = 4A77AD831E26813200B9ABF4 /* Project object */;
}
